// !$*UTF8*$!
{
	archiveVersion = 1;
	classes = {
	};
	objectVersion = 46;
	objects = {

/* Begin PBXBuildFile section */
		490FDE881903E3B00014758D /* Reachability.m in Sources */ = {isa = PBXBuildFile; fileRef = 490FDE811903E3B00014758D /* Reachability.m */; };
		490FDE891903E3B00014758D /* Reachability.m in Sources */ = {isa = PBXBuildFile; fileRef = 490FDE811903E3B00014758D /* Reachability.m */; };
		490FDE8A1903E3B00014758D /* Pods-Reachability.xcconfig in Resources */ = {isa = PBXBuildFile; fileRef = 490FDE821903E3B00014758D /* Pods-Reachability.xcconfig */; };
		490FDE8B1903E3B00014758D /* Pods-Reachability.xcconfig in Resources */ = {isa = PBXBuildFile; fileRef = 490FDE821903E3B00014758D /* Pods-Reachability.xcconfig */; };
		490FDE8C1903E3B00014758D /* Pods-Reachability-Private.xcconfig in Resources */ = {isa = PBXBuildFile; fileRef = 490FDE831903E3B00014758D /* Pods-Reachability-Private.xcconfig */; };
		490FDE8D1903E3B00014758D /* Pods-Reachability-Private.xcconfig in Resources */ = {isa = PBXBuildFile; fileRef = 490FDE831903E3B00014758D /* Pods-Reachability-Private.xcconfig */; };
		490FDE8E1903E3B00014758D /* Pods-Reachability-dummy.m in Sources */ = {isa = PBXBuildFile; fileRef = 490FDE841903E3B00014758D /* Pods-Reachability-dummy.m */; };
		490FDE8F1903E3B00014758D /* Pods-Reachability-dummy.m in Sources */ = {isa = PBXBuildFile; fileRef = 490FDE841903E3B00014758D /* Pods-Reachability-dummy.m */; };
		4911F82C1902F4C0006744D8 /* Foundation.framework in Frameworks */ = {isa = PBXBuildFile; fileRef = 4911F82B1902F4C0006744D8 /* Foundation.framework */; };
		4911F82E1902F4C0006744D8 /* CoreGraphics.framework in Frameworks */ = {isa = PBXBuildFile; fileRef = 4911F82D1902F4C0006744D8 /* CoreGraphics.framework */; };
		4911F8301902F4C0006744D8 /* UIKit.framework in Frameworks */ = {isa = PBXBuildFile; fileRef = 4911F82F1902F4C0006744D8 /* UIKit.framework */; };
		4911F8361902F4C0006744D8 /* InfoPlist.strings in Resources */ = {isa = PBXBuildFile; fileRef = 4911F8341902F4C0006744D8 /* InfoPlist.strings */; };
		4911F8381902F4C0006744D8 /* main.m in Sources */ = {isa = PBXBuildFile; fileRef = 4911F8371902F4C0006744D8 /* main.m */; };
		4911F83C1902F4C0006744D8 /* AppDelegate.m in Sources */ = {isa = PBXBuildFile; fileRef = 4911F83B1902F4C0006744D8 /* AppDelegate.m */; };
		4911F83E1902F4C0006744D8 /* Images.xcassets in Resources */ = {isa = PBXBuildFile; fileRef = 4911F83D1902F4C0006744D8 /* Images.xcassets */; };
		4911F8451902F4C0006744D8 /* XCTest.framework in Frameworks */ = {isa = PBXBuildFile; fileRef = 4911F8441902F4C0006744D8 /* XCTest.framework */; };
		4911F8461902F4C0006744D8 /* Foundation.framework in Frameworks */ = {isa = PBXBuildFile; fileRef = 4911F82B1902F4C0006744D8 /* Foundation.framework */; };
		4911F8471902F4C0006744D8 /* UIKit.framework in Frameworks */ = {isa = PBXBuildFile; fileRef = 4911F82F1902F4C0006744D8 /* UIKit.framework */; };
		4911F84F1902F4C0006744D8 /* InfoPlist.strings in Resources */ = {isa = PBXBuildFile; fileRef = 4911F84D1902F4C0006744D8 /* InfoPlist.strings */; };
		4911F8511902F4C0006744D8 /* SwipeAppTests.m in Sources */ = {isa = PBXBuildFile; fileRef = 4911F8501902F4C0006744D8 /* SwipeAppTests.m */; };
		FA49D3B2C440415D81C871EF /* libPods.a in Frameworks */ = {isa = PBXBuildFile; fileRef = 9386C18DE55C469684DA179C /* libPods.a */; };
/* End PBXBuildFile section */

/* Begin PBXContainerItemProxy section */
		4911F8481902F4C0006744D8 /* PBXContainerItemProxy */ = {
			isa = PBXContainerItemProxy;
			containerPortal = 4911F8201902F4C0006744D8 /* Project object */;
			proxyType = 1;
			remoteGlobalIDString = 4911F8271902F4C0006744D8;
			remoteInfo = SwipeApp;
		};
/* End PBXContainerItemProxy section */

/* Begin PBXFileReference section */
		490FDE801903E3B00014758D /* Reachability.h */ = {isa = PBXFileReference; fileEncoding = 4; lastKnownFileType = sourcecode.c.h; path = Reachability.h; sourceTree = "<group>"; };
		490FDE811903E3B00014758D /* Reachability.m */ = {isa = PBXFileReference; fileEncoding = 4; lastKnownFileType = sourcecode.c.objc; path = Reachability.m; sourceTree = "<group>"; };
		490FDE821903E3B00014758D /* Pods-Reachability.xcconfig */ = {isa = PBXFileReference; fileEncoding = 4; lastKnownFileType = text.xcconfig; path = "Pods-Reachability.xcconfig"; sourceTree = "<group>"; };
		490FDE831903E3B00014758D /* Pods-Reachability-Private.xcconfig */ = {isa = PBXFileReference; fileEncoding = 4; lastKnownFileType = text.xcconfig; path = "Pods-Reachability-Private.xcconfig"; sourceTree = "<group>"; };
		490FDE841903E3B00014758D /* Pods-Reachability-dummy.m */ = {isa = PBXFileReference; fileEncoding = 4; lastKnownFileType = sourcecode.c.objc; path = "Pods-Reachability-dummy.m"; sourceTree = "<group>"; };
		490FDE851903E3B00014758D /* Pods-Reachability-prefix.pch */ = {isa = PBXFileReference; fileEncoding = 4; lastKnownFileType = sourcecode.c.h; path = "Pods-Reachability-prefix.pch"; sourceTree = "<group>"; };
		4911F8281902F4C0006744D8 /* SwipeApp.app */ = {isa = PBXFileReference; explicitFileType = wrapper.application; includeInIndex = 0; path = SwipeApp.app; sourceTree = BUILT_PRODUCTS_DIR; };
		4911F82B1902F4C0006744D8 /* Foundation.framework */ = {isa = PBXFileReference; lastKnownFileType = wrapper.framework; name = Foundation.framework; path = System/Library/Frameworks/Foundation.framework; sourceTree = SDKROOT; };
		4911F82D1902F4C0006744D8 /* CoreGraphics.framework */ = {isa = PBXFileReference; lastKnownFileType = wrapper.framework; name = CoreGraphics.framework; path = System/Library/Frameworks/CoreGraphics.framework; sourceTree = SDKROOT; };
		4911F82F1902F4C0006744D8 /* UIKit.framework */ = {isa = PBXFileReference; lastKnownFileType = wrapper.framework; name = UIKit.framework; path = System/Library/Frameworks/UIKit.framework; sourceTree = SDKROOT; };
		4911F8331902F4C0006744D8 /* SwipeApp-Info.plist */ = {isa = PBXFileReference; lastKnownFileType = text.plist.xml; path = "SwipeApp-Info.plist"; sourceTree = "<group>"; };
		4911F8351902F4C0006744D8 /* en */ = {isa = PBXFileReference; lastKnownFileType = text.plist.strings; name = en; path = en.lproj/InfoPlist.strings; sourceTree = "<group>"; };
		4911F8371902F4C0006744D8 /* main.m */ = {isa = PBXFileReference; lastKnownFileType = sourcecode.c.objc; path = main.m; sourceTree = "<group>"; };
		4911F8391902F4C0006744D8 /* SwipeApp-Prefix.pch */ = {isa = PBXFileReference; lastKnownFileType = sourcecode.c.h; path = "SwipeApp-Prefix.pch"; sourceTree = "<group>"; };
		4911F83A1902F4C0006744D8 /* AppDelegate.h */ = {isa = PBXFileReference; lastKnownFileType = sourcecode.c.h; path = AppDelegate.h; sourceTree = "<group>"; };
		4911F83B1902F4C0006744D8 /* AppDelegate.m */ = {isa = PBXFileReference; lastKnownFileType = sourcecode.c.objc; path = AppDelegate.m; sourceTree = "<group>"; };
		4911F83D1902F4C0006744D8 /* Images.xcassets */ = {isa = PBXFileReference; lastKnownFileType = folder.assetcatalog; path = Images.xcassets; sourceTree = "<group>"; };
		4911F8431902F4C0006744D8 /* SwipeAppTests.xctest */ = {isa = PBXFileReference; explicitFileType = wrapper.cfbundle; includeInIndex = 0; path = SwipeAppTests.xctest; sourceTree = BUILT_PRODUCTS_DIR; };
		4911F8441902F4C0006744D8 /* XCTest.framework */ = {isa = PBXFileReference; lastKnownFileType = wrapper.framework; name = XCTest.framework; path = Library/Frameworks/XCTest.framework; sourceTree = DEVELOPER_DIR; };
		4911F84C1902F4C0006744D8 /* SwipeAppTests-Info.plist */ = {isa = PBXFileReference; lastKnownFileType = text.plist.xml; path = "SwipeAppTests-Info.plist"; sourceTree = "<group>"; };
		4911F84E1902F4C0006744D8 /* en */ = {isa = PBXFileReference; lastKnownFileType = text.plist.strings; name = en; path = en.lproj/InfoPlist.strings; sourceTree = "<group>"; };
		4911F8501902F4C0006744D8 /* SwipeAppTests.m */ = {isa = PBXFileReference; lastKnownFileType = sourcecode.c.objc; path = SwipeAppTests.m; sourceTree = "<group>"; };
		9386C18DE55C469684DA179C /* libPods.a */ = {isa = PBXFileReference; explicitFileType = archive.ar; includeInIndex = 0; path = libPods.a; sourceTree = BUILT_PRODUCTS_DIR; };
		97C82402C3A94040A7AE85E6 /* Pods.xcconfig */ = {isa = PBXFileReference; includeInIndex = 1; lastKnownFileType = text.xcconfig; name = Pods.xcconfig; path = Pods/Pods.xcconfig; sourceTree = "<group>"; };
/* End PBXFileReference section */

/* Begin PBXFrameworksBuildPhase section */
		4911F8251902F4C0006744D8 /* Frameworks */ = {
			isa = PBXFrameworksBuildPhase;
			buildActionMask = 2147483647;
			files = (
				4911F82E1902F4C0006744D8 /* CoreGraphics.framework in Frameworks */,
				4911F8301902F4C0006744D8 /* UIKit.framework in Frameworks */,
				4911F82C1902F4C0006744D8 /* Foundation.framework in Frameworks */,
				FA49D3B2C440415D81C871EF /* libPods.a in Frameworks */,
			);
			runOnlyForDeploymentPostprocessing = 0;
		};
		4911F8401902F4C0006744D8 /* Frameworks */ = {
			isa = PBXFrameworksBuildPhase;
			buildActionMask = 2147483647;
			files = (
				4911F8451902F4C0006744D8 /* XCTest.framework in Frameworks */,
				4911F8471902F4C0006744D8 /* UIKit.framework in Frameworks */,
				4911F8461902F4C0006744D8 /* Foundation.framework in Frameworks */,
			);
			runOnlyForDeploymentPostprocessing = 0;
		};
/* End PBXFrameworksBuildPhase section */

/* Begin PBXGroup section */
		490FDE861903E3B00014758D /* Support Files */ = {
			isa = PBXGroup;
			children = (
				490FDE821903E3B00014758D /* Pods-Reachability.xcconfig */,
				490FDE831903E3B00014758D /* Pods-Reachability-Private.xcconfig */,
				490FDE841903E3B00014758D /* Pods-Reachability-dummy.m */,
				490FDE851903E3B00014758D /* Pods-Reachability-prefix.pch */,
			);
			name = "Support Files";
			path = ..;
			sourceTree = "<group>";
		};
		490FDE871903E3B00014758D /* Reachability */ = {
			isa = PBXGroup;
			children = (
				490FDE801903E3B00014758D /* Reachability.h */,
				490FDE811903E3B00014758D /* Reachability.m */,
				490FDE861903E3B00014758D /* Support Files */,
			);
			name = Reachability;
			path = Pods/Reachability;
			sourceTree = "<group>";
		};
		4911F81F1902F4C0006744D8 = {
			isa = PBXGroup;
			children = (
				490FDE871903E3B00014758D /* Reachability */,
				4911F8311902F4C0006744D8 /* SwipeApp */,
				4911F84A1902F4C0006744D8 /* SwipeAppTests */,
				4911F82A1902F4C0006744D8 /* Frameworks */,
				4911F8291902F4C0006744D8 /* Products */,
				97C82402C3A94040A7AE85E6 /* Pods.xcconfig */,
			);
			sourceTree = "<group>";
		};
		4911F8291902F4C0006744D8 /* Products */ = {
			isa = PBXGroup;
			children = (
				4911F8281902F4C0006744D8 /* SwipeApp.app */,
				4911F8431902F4C0006744D8 /* SwipeAppTests.xctest */,
			);
			name = Products;
			sourceTree = "<group>";
		};
		4911F82A1902F4C0006744D8 /* Frameworks */ = {
			isa = PBXGroup;
			children = (
				4911F82B1902F4C0006744D8 /* Foundation.framework */,
				4911F82D1902F4C0006744D8 /* CoreGraphics.framework */,
				4911F82F1902F4C0006744D8 /* UIKit.framework */,
				4911F8441902F4C0006744D8 /* XCTest.framework */,
				9386C18DE55C469684DA179C /* libPods.a */,
			);
			name = Frameworks;
			sourceTree = "<group>";
		};
		4911F8311902F4C0006744D8 /* SwipeApp */ = {
			isa = PBXGroup;
			children = (
				4911F83A1902F4C0006744D8 /* AppDelegate.h */,
				4911F83B1902F4C0006744D8 /* AppDelegate.m */,
				4911F83D1902F4C0006744D8 /* Images.xcassets */,
				4911F8321902F4C0006744D8 /* Supporting Files */,
			);
			path = SwipeApp;
			sourceTree = "<group>";
		};
		4911F8321902F4C0006744D8 /* Supporting Files */ = {
			isa = PBXGroup;
			children = (
				4911F8331902F4C0006744D8 /* SwipeApp-Info.plist */,
				4911F8341902F4C0006744D8 /* InfoPlist.strings */,
				4911F8371902F4C0006744D8 /* main.m */,
				4911F8391902F4C0006744D8 /* SwipeApp-Prefix.pch */,
			);
			name = "Supporting Files";
			sourceTree = "<group>";
		};
		4911F84A1902F4C0006744D8 /* SwipeAppTests */ = {
			isa = PBXGroup;
			children = (
				4911F8501902F4C0006744D8 /* SwipeAppTests.m */,
				4911F84B1902F4C0006744D8 /* Supporting Files */,
			);
			path = SwipeAppTests;
			sourceTree = "<group>";
		};
		4911F84B1902F4C0006744D8 /* Supporting Files */ = {
			isa = PBXGroup;
			children = (
				4911F84C1902F4C0006744D8 /* SwipeAppTests-Info.plist */,
				4911F84D1902F4C0006744D8 /* InfoPlist.strings */,
			);
			name = "Supporting Files";
			sourceTree = "<group>";
		};
/* End PBXGroup section */

/* Begin PBXNativeTarget section */
		4911F8271902F4C0006744D8 /* SwipeApp */ = {
			isa = PBXNativeTarget;
			buildConfigurationList = 4911F8541902F4C0006744D8 /* Build configuration list for PBXNativeTarget "SwipeApp" */;
			buildPhases = (
				4EB009C552244E889E73A909 /* Check Pods Manifest.lock */,
				4911F8241902F4C0006744D8 /* Sources */,
				4911F8251902F4C0006744D8 /* Frameworks */,
				4911F8261902F4C0006744D8 /* Resources */,
				3C3D08D5AA014273A1AA9E7E /* Copy Pods Resources */,
			);
			buildRules = (
			);
			dependencies = (
			);
			name = SwipeApp;
			productName = SwipeApp;
			productReference = 4911F8281902F4C0006744D8 /* SwipeApp.app */;
			productType = "com.apple.product-type.application";
		};
		4911F8421902F4C0006744D8 /* SwipeAppTests */ = {
			isa = PBXNativeTarget;
			buildConfigurationList = 4911F8571902F4C0006744D8 /* Build configuration list for PBXNativeTarget "SwipeAppTests" */;
			buildPhases = (
				4911F83F1902F4C0006744D8 /* Sources */,
				4911F8401902F4C0006744D8 /* Frameworks */,
				4911F8411902F4C0006744D8 /* Resources */,
			);
			buildRules = (
			);
			dependencies = (
				4911F8491902F4C0006744D8 /* PBXTargetDependency */,
			);
			name = SwipeAppTests;
			productName = SwipeAppTests;
			productReference = 4911F8431902F4C0006744D8 /* SwipeAppTests.xctest */;
			productType = "com.apple.product-type.bundle.unit-test";
		};
/* End PBXNativeTarget section */

/* Begin PBXProject section */
		4911F8201902F4C0006744D8 /* Project object */ = {
			isa = PBXProject;
			attributes = {
				LastUpgradeCheck = 0510;
				ORGANIZATIONNAME = "Marc Clascà";
				TargetAttributes = {
					4911F8421902F4C0006744D8 = {
						TestTargetID = 4911F8271902F4C0006744D8;
					};
				};
			};
			buildConfigurationList = 4911F8231902F4C0006744D8 /* Build configuration list for PBXProject "SwipeApp" */;
			compatibilityVersion = "Xcode 3.2";
			developmentRegion = English;
			hasScannedForEncodings = 0;
			knownRegions = (
				en,
			);
			mainGroup = 4911F81F1902F4C0006744D8;
			productRefGroup = 4911F8291902F4C0006744D8 /* Products */;
			projectDirPath = "";
			projectRoot = "";
			targets = (
				4911F8271902F4C0006744D8 /* SwipeApp */,
				4911F8421902F4C0006744D8 /* SwipeAppTests */,
			);
		};
/* End PBXProject section */

/* Begin PBXResourcesBuildPhase section */
		4911F8261902F4C0006744D8 /* Resources */ = {
			isa = PBXResourcesBuildPhase;
			buildActionMask = 2147483647;
			files = (
				490FDE8A1903E3B00014758D /* Pods-Reachability.xcconfig in Resources */,
				490FDE8C1903E3B00014758D /* Pods-Reachability-Private.xcconfig in Resources */,
				4911F8361902F4C0006744D8 /* InfoPlist.strings in Resources */,
				4911F83E1902F4C0006744D8 /* Images.xcassets in Resources */,
			);
			runOnlyForDeploymentPostprocessing = 0;
		};
		4911F8411902F4C0006744D8 /* Resources */ = {
			isa = PBXResourcesBuildPhase;
			buildActionMask = 2147483647;
			files = (
				4911F84F1902F4C0006744D8 /* InfoPlist.strings in Resources */,
				490FDE8D1903E3B00014758D /* Pods-Reachability-Private.xcconfig in Resources */,
				490FDE8B1903E3B00014758D /* Pods-Reachability.xcconfig in Resources */,
			);
			runOnlyForDeploymentPostprocessing = 0;
		};
/* End PBXResourcesBuildPhase section */

/* Begin PBXShellScriptBuildPhase section */
		3C3D08D5AA014273A1AA9E7E /* Copy Pods Resources */ = {
			isa = PBXShellScriptBuildPhase;
			buildActionMask = 2147483647;
			files = (
			);
			inputPaths = (
			);
			name = "Copy Pods Resources";
			outputPaths = (
			);
			runOnlyForDeploymentPostprocessing = 0;
			shellPath = /bin/sh;
			shellScript = "\"${SRCROOT}/Pods/Pods-resources.sh\"\n";
			showEnvVarsInLog = 0;
		};
		4EB009C552244E889E73A909 /* Check Pods Manifest.lock */ = {
			isa = PBXShellScriptBuildPhase;
			buildActionMask = 2147483647;
			files = (
			);
			inputPaths = (
			);
			name = "Check Pods Manifest.lock";
			outputPaths = (
			);
			runOnlyForDeploymentPostprocessing = 0;
			shellPath = /bin/sh;
			shellScript = "diff \"${PODS_ROOT}/../Podfile.lock\" \"${PODS_ROOT}/Manifest.lock\" > /dev/null\nif [[ $? != 0 ]] ; then\n    cat << EOM\nerror: The sandbox is not in sync with the Podfile.lock. Run 'pod install' or update your CocoaPods installation.\nEOM\n    exit 1\nfi\n";
			showEnvVarsInLog = 0;
		};
/* End PBXShellScriptBuildPhase section */

/* Begin PBXSourcesBuildPhase section */
		4911F8241902F4C0006744D8 /* Sources */ = {
			isa = PBXSourcesBuildPhase;
			buildActionMask = 2147483647;
			files = (
				4911F83C1902F4C0006744D8 /* AppDelegate.m in Sources */,
				490FDE8E1903E3B00014758D /* Pods-Reachability-dummy.m in Sources */,
				490FDE881903E3B00014758D /* Reachability.m in Sources */,
				4911F8381902F4C0006744D8 /* main.m in Sources */,
			);
			runOnlyForDeploymentPostprocessing = 0;
		};
		4911F83F1902F4C0006744D8 /* Sources */ = {
			isa = PBXSourcesBuildPhase;
			buildActionMask = 2147483647;
			files = (
				490FDE891903E3B00014758D /* Reachability.m in Sources */,
				490FDE8F1903E3B00014758D /* Pods-Reachability-dummy.m in Sources */,
				4911F8511902F4C0006744D8 /* SwipeAppTests.m in Sources */,
			);
			runOnlyForDeploymentPostprocessing = 0;
		};
/* End PBXSourcesBuildPhase section */

/* Begin PBXTargetDependency section */
		4911F8491902F4C0006744D8 /* PBXTargetDependency */ = {
			isa = PBXTargetDependency;
			target = 4911F8271902F4C0006744D8 /* SwipeApp */;
			targetProxy = 4911F8481902F4C0006744D8 /* PBXContainerItemProxy */;
		};
/* End PBXTargetDependency section */

/* Begin PBXVariantGroup section */
		4911F8341902F4C0006744D8 /* InfoPlist.strings */ = {
			isa = PBXVariantGroup;
			children = (
				4911F8351902F4C0006744D8 /* en */,
			);
			name = InfoPlist.strings;
			sourceTree = "<group>";
		};
		4911F84D1902F4C0006744D8 /* InfoPlist.strings */ = {
			isa = PBXVariantGroup;
			children = (
				4911F84E1902F4C0006744D8 /* en */,
			);
			name = InfoPlist.strings;
			sourceTree = "<group>";
		};
/* End PBXVariantGroup section */

/* Begin XCBuildConfiguration section */
		4911F8521902F4C0006744D8 /* Debug */ = {
			isa = XCBuildConfiguration;
			buildSettings = {
				ALWAYS_SEARCH_USER_PATHS = NO;
				CLANG_CXX_LANGUAGE_STANDARD = "gnu++0x";
				CLANG_CXX_LIBRARY = "libc++";
				CLANG_ENABLE_MODULES = YES;
				CLANG_ENABLE_OBJC_ARC = YES;
				CLANG_WARN_BOOL_CONVERSION = YES;
				CLANG_WARN_CONSTANT_CONVERSION = YES;
				CLANG_WARN_DIRECT_OBJC_ISA_USAGE = YES_ERROR;
				CLANG_WARN_EMPTY_BODY = YES;
				CLANG_WARN_ENUM_CONVERSION = YES;
				CLANG_WARN_INT_CONVERSION = YES;
				CLANG_WARN_OBJC_ROOT_CLASS = YES_ERROR;
				CLANG_WARN__DUPLICATE_METHOD_MATCH = YES;
				"CODE_SIGN_IDENTITY[sdk=iphoneos*]" = "iPhone Developer";
				COPY_PHASE_STRIP = NO;
				GCC_C_LANGUAGE_STANDARD = gnu99;
				GCC_DYNAMIC_NO_PIC = NO;
				GCC_OPTIMIZATION_LEVEL = 0;
				GCC_PREPROCESSOR_DEFINITIONS = (
					"DEBUG=1",
					"$(inherited)",
				);
				GCC_SYMBOLS_PRIVATE_EXTERN = NO;
				GCC_WARN_64_TO_32_BIT_CONVERSION = YES;
				GCC_WARN_ABOUT_RETURN_TYPE = YES_ERROR;
				GCC_WARN_UNDECLARED_SELECTOR = YES;
				GCC_WARN_UNINITIALIZED_AUTOS = YES_AGGRESSIVE;
				GCC_WARN_UNUSED_FUNCTION = YES;
				GCC_WARN_UNUSED_VARIABLE = YES;
				IPHONEOS_DEPLOYMENT_TARGET = 7.1;
				ONLY_ACTIVE_ARCH = YES;
				SDKROOT = iphoneos;
				TARGETED_DEVICE_FAMILY = "1,2";
			};
			name = Debug;
		};
		4911F8531902F4C0006744D8 /* Release */ = {
			isa = XCBuildConfiguration;
			buildSettings = {
				ALWAYS_SEARCH_USER_PATHS = NO;
				CLANG_CXX_LANGUAGE_STANDARD = "gnu++0x";
				CLANG_CXX_LIBRARY = "libc++";
				CLANG_ENABLE_MODULES = YES;
				CLANG_ENABLE_OBJC_ARC = YES;
				CLANG_WARN_BOOL_CONVERSION = YES;
				CLANG_WARN_CONSTANT_CONVERSION = YES;
				CLANG_WARN_DIRECT_OBJC_ISA_USAGE = YES_ERROR;
				CLANG_WARN_EMPTY_BODY = YES;
				CLANG_WARN_ENUM_CONVERSION = YES;
				CLANG_WARN_INT_CONVERSION = YES;
				CLANG_WARN_OBJC_ROOT_CLASS = YES_ERROR;
				CLANG_WARN__DUPLICATE_METHOD_MATCH = YES;
				"CODE_SIGN_IDENTITY[sdk=iphoneos*]" = "iPhone Developer";
				COPY_PHASE_STRIP = YES;
				ENABLE_NS_ASSERTIONS = NO;
				GCC_C_LANGUAGE_STANDARD = gnu99;
				GCC_WARN_64_TO_32_BIT_CONVERSION = YES;
				GCC_WARN_ABOUT_RETURN_TYPE = YES_ERROR;
				GCC_WARN_UNDECLARED_SELECTOR = YES;
				GCC_WARN_UNINITIALIZED_AUTOS = YES_AGGRESSIVE;
				GCC_WARN_UNUSED_FUNCTION = YES;
				GCC_WARN_UNUSED_VARIABLE = YES;
				IPHONEOS_DEPLOYMENT_TARGET = 7.1;
				SDKROOT = iphoneos;
				TARGETED_DEVICE_FAMILY = "1,2";
				VALIDATE_PRODUCT = YES;
			};
			name = Release;
		};
		4911F8551902F4C0006744D8 /* Debug */ = {
			isa = XCBuildConfiguration;
			baseConfigurationReference = 97C82402C3A94040A7AE85E6 /* Pods.xcconfig */;
			buildSettings = {
				ASSETCATALOG_COMPILER_APPICON_NAME = AppIcon;
				ASSETCATALOG_COMPILER_LAUNCHIMAGE_NAME = LaunchImage;
				GCC_PRECOMPILE_PREFIX_HEADER = YES;
				GCC_PREFIX_HEADER = "SwipeApp/SwipeApp-Prefix.pch";
				INFOPLIST_FILE = "SwipeApp/SwipeApp-Info.plist";
				PRODUCT_NAME = "$(TARGET_NAME)";
				WRAPPER_EXTENSION = app;
			};
			name = Debug;
		};
		4911F8561902F4C0006744D8 /* Release */ = {
			isa = XCBuildConfiguration;
			baseConfigurationReference = 97C82402C3A94040A7AE85E6 /* Pods.xcconfig */;
			buildSettings = {
				ASSETCATALOG_COMPILER_APPICON_NAME = AppIcon;
				ASSETCATALOG_COMPILER_LAUNCHIMAGE_NAME = LaunchImage;
				GCC_PRECOMPILE_PREFIX_HEADER = YES;
				GCC_PREFIX_HEADER = "SwipeApp/SwipeApp-Prefix.pch";
				INFOPLIST_FILE = "SwipeApp/SwipeApp-Info.plist";
				PRODUCT_NAME = "$(TARGET_NAME)";
				WRAPPER_EXTENSION = app;
			};
			name = Release;
		};
		4911F8581902F4C0006744D8 /* Debug */ = {
			isa = XCBuildConfiguration;
			buildSettings = {
				BUNDLE_LOADER = "$(BUILT_PRODUCTS_DIR)/SwipeApp.app/SwipeApp";
				FRAMEWORK_SEARCH_PATHS = (
					"$(SDKROOT)/Developer/Library/Frameworks",
					"$(inherited)",
					"$(DEVELOPER_FRAMEWORKS_DIR)",
				);
				GCC_PRECOMPILE_PREFIX_HEADER = YES;
				GCC_PREFIX_HEADER = "SwipeApp/SwipeApp-Prefix.pch";
				GCC_PREPROCESSOR_DEFINITIONS = (
					"DEBUG=1",
					"$(inherited)",
				);
				INFOPLIST_FILE = "SwipeAppTests/SwipeAppTests-Info.plist";
				PRODUCT_NAME = "$(TARGET_NAME)";
				TEST_HOST = "$(BUNDLE_LOADER)";
				WRAPPER_EXTENSION = xctest;
			};
			name = Debug;
		};
		4911F8591902F4C0006744D8 /* Release */ = {
			isa = XCBuildConfiguration;
			buildSettings = {
				BUNDLE_LOADER = "$(BUILT_PRODUCTS_DIR)/SwipeApp.app/SwipeApp";
				FRAMEWORK_SEARCH_PATHS = (
					"$(SDKROOT)/Developer/Library/Frameworks",
					"$(inherited)",
					"$(DEVELOPER_FRAMEWORKS_DIR)",
				);
				GCC_PRECOMPILE_PREFIX_HEADER = YES;
				GCC_PREFIX_HEADER = "SwipeApp/SwipeApp-Prefix.pch";
				INFOPLIST_FILE = "SwipeAppTests/SwipeAppTests-Info.plist";
				PRODUCT_NAME = "$(TARGET_NAME)";
				TEST_HOST = "$(BUNDLE_LOADER)";
				WRAPPER_EXTENSION = xctest;
			};
			name = Release;
		};
/* End XCBuildConfiguration section */

/* Begin XCConfigurationList section */
		4911F8231902F4C0006744D8 /* Build configuration list for PBXProject "SwipeApp" */ = {
			isa = XCConfigurationList;
			buildConfigurations = (
				4911F8521902F4C0006744D8 /* Debug */,
				4911F8531902F4C0006744D8 /* Release */,
			);
			defaultConfigurationIsVisible = 0;
			defaultConfigurationName = Release;
		};
		4911F8541902F4C0006744D8 /* Build configuration list for PBXNativeTarget "SwipeApp" */ = {
			isa = XCConfigurationList;
			buildConfigurations = (
				4911F8551902F4C0006744D8 /* Debug */,
				4911F8561902F4C0006744D8 /* Release */,
			);
			defaultConfigurationIsVisible = 0;
			defaultConfigurationName = Release;
		};
		4911F8571902F4C0006744D8 /* Build configuration list for PBXNativeTarget "SwipeAppTests" */ = {
			isa = XCConfigurationList;
			buildConfigurations = (
				4911F8581902F4C0006744D8 /* Debug */,
				4911F8591902F4C0006744D8 /* Release */,
			);
			defaultConfigurationIsVisible = 0;
			defaultConfigurationName = Release;
		};
/* End XCConfigurationList section */
	};
	rootObject = 4911F8201902F4C0006744D8 /* Project object */;
}
